{
  "name": "test-bailys",
  "version": "1.0.0",
  "lockfileVersion": 3,
  "requires": true,
  "packages": {
    "": {
      "name": "test-bailys",
      "version": "1.0.0",
      "license": "ISC",
      "dependencies": {
        "Bailys-Jian": "github:jiancode77/Bailys-Jian"
      }
    },
    "node_modules/Bailys-Jian": {
      "version": "1.0.0",
      "resolved": "git+ssh://git@github.com/jiancode77/Bailys-Jian.git#566e8e2afd02693e65de8cd869a4361f83a3ea36"
    }
  }
}
